PODS:
  - admob_flutter (0.3.4):
    - Firebase/AdMob
    - Firebase/Analytics
    - FirebaseAnalytics (~> 6.1.3)
    - Flutter
    - Google-Mobile-Ads-SDK (~> 7.50)
  - AppAuth (1.4.0):
    - AppAuth/Core (= 1.4.0)
    - AppAuth/ExternalUserAgent (= 1.4.0)
  - AppAuth/Core (1.4.0)
  - AppAuth/ExternalUserAgent (1.4.0)
  - apple_sign_in (0.0.1):
    - Flutter
  - Braintree/Apple-Pay (4.34.0):
    - Braintree/Core
  - Braintree/Card (4.34.0):
    - Braintree/Core
  - Braintree/Core (4.34.0)
  - Braintree/PaymentFlow (4.34.0):
    - Braintree/Card
    - Braintree/Core
    - Braintree/PayPalOneTouch
  - Braintree/PayPal (4.34.0):
    - Braintree/Core
    - Braintree/PayPalOneTouch
  - Braintree/PayPalDataCollector (4.34.0):
    - Braintree/Core
    - Braintree/PayPalUtils
  - Braintree/PayPalOneTouch (4.34.0):
    - Braintree/Core
    - Braintree/PayPalDataCollector
    - Braintree/PayPalUtils
  - Braintree/PayPalUtils (4.34.0)
  - Braintree/UnionPay (4.34.0):
    - Braintree/Card
    - Braintree/Core
  - braintree_payment (1.0.2):
    - Braintree/Apple-Pay
    - Braintree/PayPal
    - BraintreeDropIn
    - Flutter
  - BraintreeDropIn (8.1.0):
    - BraintreeDropIn/DropIn (= 8.1.0)
  - BraintreeDropIn/DropIn (8.1.0):
    - Braintree/Card (~> 4.32)
    - Braintree/Core (~> 4.32)
    - Braintree/PaymentFlow (~> 4.32)
    - Braintree/PayPal (~> 4.32)
    - Braintree/UnionPay (~> 4.32)
    - BraintreeDropIn/UIKit
  - BraintreeDropIn/UIKit (8.1.0)
  - BSGridCollectionViewLayout (1.2.5)
  - BSImagePicker (2.10.3):
    - BSGridCollectionViewLayout (= 1.2.5)
    - BSImageView (= 1.0.3)
  - BSImageView (1.0.3)
  - connectivity (0.0.1):
    - Flutter
    - Reachability
  - connectivity_macos (0.0.1):
    - Flutter
  - esys_flutter_share (0.0.1):
    - Flutter
  - FBSDKCoreKit (5.15.1):
    - FBSDKCoreKit/Basics (= 5.15.1)
    - FBSDKCoreKit/Core (= 5.15.1)
  - FBSDKCoreKit/Basics (5.15.1)
  - FBSDKCoreKit/Core (5.15.1):
    - FBSDKCoreKit/Basics
  - FBSDKLoginKit (5.15.1):
    - FBSDKLoginKit/Login (= 5.15.1)
  - FBSDKLoginKit/Login (5.15.1):
    - FBSDKCoreKit (~> 5.0)
  - Firebase/AdMob (6.14.0):
    - Firebase/CoreOnly
    - Google-Mobile-Ads-SDK (~> 7.50)
  - Firebase/Analytics (6.14.0):
    - Firebase/Core
  - Firebase/Auth (6.14.0):
    - Firebase/CoreOnly
    - FirebaseAuth (~> 6.4.1)
  - Firebase/Core (6.14.0):
    - Firebase/CoreOnly
    - FirebaseAnalytics (= 6.1.7)
  - Firebase/CoreOnly (6.14.0):
    - FirebaseCore (= 6.5.0)
  - Firebase/Database (6.14.0):
    - Firebase/CoreOnly
    - FirebaseDatabase (~> 6.1.3)
  - Firebase/Messaging (6.14.0):
    - Firebase/CoreOnly
    - FirebaseMessaging (~> 4.1.10)
  - firebase_auth (0.0.1):
    - Firebase/Auth (~> 6.3)
    - Firebase/Core
    - Flutter
  - firebase_auth_web (0.1.0):
    - Flutter
  - firebase_core (0.0.1):
    - Firebase/Core
    - Flutter
  - firebase_core_web (0.1.0):
    - Flutter
  - firebase_database (0.0.1):
    - Firebase/Database
    - Flutter
  - firebase_messaging (0.0.1):
    - Firebase/Core
    - Firebase/Messaging
    - Flutter
  - FirebaseAnalytics (6.1.7):
    - FirebaseCore (~> 6.5)
    - FirebaseInstanceID (~> 4.2)
    - GoogleAppMeasurement (= 6.1.7)
    - GoogleUtilities/AppDelegateSwizzler (~> 6.0)
    - GoogleUtilities/MethodSwizzler (~> 6.0)
    - GoogleUtilities/Network (~> 6.0)
    - "GoogleUtilities/NSData+zlib (~> 6.0)"
    - nanopb (= 0.3.9011)
  - FirebaseAnalyticsInterop (1.5.0)
  - FirebaseAuth (6.4.2):
    - FirebaseAuthInterop (~> 1.0)
    - FirebaseCore (~> 6.2)
    - GoogleUtilities/AppDelegateSwizzler (~> 6.2)
    - GoogleUtilities/Environment (~> 6.2)
    - GTMSessionFetcher/Core (~> 1.1)
  - FirebaseAuthInterop (1.1.0)
  - FirebaseCore (6.5.0):
    - FirebaseCoreDiagnostics (~> 1.0)
    - FirebaseCoreDiagnosticsInterop (~> 1.0)
    - GoogleUtilities/Environment (~> 6.4)
    - GoogleUtilities/Logger (~> 6.4)
  - FirebaseCoreDiagnostics (1.2.4):
    - FirebaseCoreDiagnosticsInterop (~> 1.2)
    - GoogleDataTransportCCTSupport (~> 3.0)
    - GoogleUtilities/Environment (~> 6.5)
    - GoogleUtilities/Logger (~> 6.5)
    - nanopb (~> 0.3.901)
  - FirebaseCoreDiagnosticsInterop (1.2.0)
  - FirebaseDatabase (6.1.4):
    - FirebaseAuthInterop (~> 1.0)
    - FirebaseCore (~> 6.0)
    - leveldb-library (~> 1.22)
  - FirebaseInstanceID (4.2.8):
    - FirebaseCore (~> 6.5)
    - GoogleUtilities/Environment (~> 6.4)
    - GoogleUtilities/UserDefaults (~> 6.4)
  - FirebaseMessaging (4.1.10):
    - FirebaseAnalyticsInterop (~> 1.3)
    - FirebaseCore (~> 6.2)
    - FirebaseInstanceID (~> 4.1)
    - GoogleUtilities/AppDelegateSwizzler (~> 6.2)
    - GoogleUtilities/Environment (~> 6.2)
    - GoogleUtilities/Reachability (~> 6.2)
    - GoogleUtilities/UserDefaults (~> 6.2)
    - Protobuf (>= 3.9.2, ~> 3.9)
  - Flutter (1.0.0)
  - flutter_facebook_login (0.0.1):
    - FBSDKCoreKit (~> 5.5)
    - FBSDKLoginKit (~> 5.5)
    - Flutter
  - flutter_webview_plugin (0.0.1):
    - Flutter
  - fluttertoast (0.0.2):
    - Flutter
  - FMDB (2.7.5):
    - FMDB/standard (= 2.7.5)
  - FMDB/standard (2.7.5)
  - geocoder (0.0.1):
    - Flutter
  - Google-Mobile-Ads-SDK (7.62.0):
    - GoogleAppMeasurement (~> 6.0)
  - google_sign_in (0.0.1):
    - Flutter
    - GoogleSignIn (~> 5.0)
  - google_sign_in_web (0.8.1):
    - Flutter
  - GoogleAppMeasurement (6.1.7):
    - GoogleUtilities/AppDelegateSwizzler (~> 6.0)
    - GoogleUtilities/MethodSwizzler (~> 6.0)
    - GoogleUtilities/Network (~> 6.0)
    - "GoogleUtilities/NSData+zlib (~> 6.0)"
    - nanopb (= 0.3.9011)
  - GoogleDataTransport (6.2.1)
  - GoogleDataTransportCCTSupport (3.0.0):
    - GoogleDataTransport (~> 6.0)
    - nanopb (~> 0.3.901)
  - GoogleSignIn (5.0.2):
    - AppAuth (~> 1.2)
    - GTMAppAuth (~> 1.0)
    - GTMSessionFetcher/Core (~> 1.1)
  - GoogleUtilities/AppDelegateSwizzler (6.6.0):
    - GoogleUtilities/Environment
    - GoogleUtilities/Logger
    - GoogleUtilities/Network
  - GoogleUtilities/Environment (6.6.0):
    - PromisesObjC (~> 1.2)
  - GoogleUtilities/Logger (6.6.0):
    - GoogleUtilities/Environment
  - GoogleUtilities/MethodSwizzler (6.6.0):
    - GoogleUtilities/Logger
  - GoogleUtilities/Network (6.6.0):
    - GoogleUtilities/Logger
    - "GoogleUtilities/NSData+zlib"
    - GoogleUtilities/Reachability
  - "GoogleUtilities/NSData+zlib (6.6.0)"
  - GoogleUtilities/Reachability (6.6.0):
    - GoogleUtilities/Logger
  - GoogleUtilities/UserDefaults (6.6.0):
    - GoogleUtilities/Logger
  - GTMAppAuth (1.0.0):
    - AppAuth/Core (~> 1.0)
    - GTMSessionFetcher (~> 1.1)
  - GTMSessionFetcher (1.4.0):
    - GTMSessionFetcher/Full (= 1.4.0)
  - GTMSessionFetcher/Core (1.4.0)
  - GTMSessionFetcher/Full (1.4.0):
    - GTMSessionFetcher/Core (= 1.4.0)
  - launch_review (0.0.1):
    - Flutter
  - leveldb-library (1.22)
  - multi_image_picker (4.6.7):
    - BSImagePicker (~> 2.10.3)
    - Flutter
  - nanopb (0.3.9011):
    - nanopb/decode (= 0.3.9011)
    - nanopb/encode (= 0.3.9011)
  - nanopb/decode (0.3.9011)
  - nanopb/encode (0.3.9011)
  - package_info (0.0.1):
    - Flutter
  - path_provider (0.0.1):
    - Flutter
  - path_provider_macos (0.0.1):
    - Flutter
  - "permission_handler (5.0.0+hotfix.6)":
    - Flutter
  - PromisesObjC (1.2.9)
  - Protobuf (3.12.0)
  - razorpay-pod (1.1.6)
  - razorpay_flutter (1.1.4):
    - Flutter
    - razorpay-pod
  - Reachability (3.2)
  - shared_preferences (0.0.1):
    - Flutter
  - shared_preferences_macos (0.0.1):
    - Flutter
  - shared_preferences_web (0.0.1):
    - Flutter
  - sqflite (0.0.1):
    - Flutter
    - FMDB (~> 2.7.2)
  - Stripe (19.3.0)
  - stripe_payment (1.0.0):
    - Flutter
    - Stripe (>= 19.0.1)
  - url_launcher (0.0.1):
    - Flutter
  - url_launcher_macos (0.0.1):
    - Flutter
  - url_launcher_web (0.0.1):
    - Flutter
  - video_player (0.0.1):
    - Flutter
  - video_player_web (0.0.1):
    - Flutter
  - wakelock (0.0.1):
    - Flutter
  - webview_flutter (0.0.1):
    - Flutter

DEPENDENCIES:
  - admob_flutter (from `.symlinks/plugins/admob_flutter/ios`)
  - apple_sign_in (from `.symlinks/plugins/apple_sign_in/ios`)
  - braintree_payment (from `.symlinks/plugins/braintree_payment/ios`)
  - connectivity (from `.symlinks/plugins/connectivity/ios`)
  - connectivity_macos (from `.symlinks/plugins/connectivity_macos/ios`)
  - esys_flutter_share (from `.symlinks/plugins/esys_flutter_share/ios`)
  - firebase_auth (from `.symlinks/plugins/firebase_auth/ios`)
  - firebase_auth_web (from `.symlinks/plugins/firebase_auth_web/ios`)
  - firebase_core (from `.symlinks/plugins/firebase_core/ios`)
  - firebase_core_web (from `.symlinks/plugins/firebase_core_web/ios`)
  - firebase_database (from `.symlinks/plugins/firebase_database/ios`)
  - firebase_messaging (from `.symlinks/plugins/firebase_messaging/ios`)
  - Flutter (from `Flutter`)
  - flutter_facebook_login (from `.symlinks/plugins/flutter_facebook_login/ios`)
  - flutter_webview_plugin (from `.symlinks/plugins/flutter_webview_plugin/ios`)
  - fluttertoast (from `.symlinks/plugins/fluttertoast/ios`)
  - geocoder (from `.symlinks/plugins/geocoder/ios`)
  - google_sign_in (from `.symlinks/plugins/google_sign_in/ios`)
  - google_sign_in_web (from `.symlinks/plugins/google_sign_in_web/ios`)
  - launch_review (from `.symlinks/plugins/launch_review/ios`)
  - multi_image_picker (from `.symlinks/plugins/multi_image_picker/ios`)
  - package_info (from `.symlinks/plugins/package_info/ios`)
  - path_provider (from `.symlinks/plugins/path_provider/ios`)
  - path_provider_macos (from `.symlinks/plugins/path_provider_macos/ios`)
  - permission_handler (from `.symlinks/plugins/permission_handler/ios`)
  - razorpay_flutter (from `.symlinks/plugins/razorpay_flutter/ios`)
  - shared_preferences (from `.symlinks/plugins/shared_preferences/ios`)
  - shared_preferences_macos (from `.symlinks/plugins/shared_preferences_macos/ios`)
  - shared_preferences_web (from `.symlinks/plugins/shared_preferences_web/ios`)
  - sqflite (from `.symlinks/plugins/sqflite/ios`)
  - stripe_payment (from `.symlinks/plugins/stripe_payment/ios`)
  - url_launcher (from `.symlinks/plugins/url_launcher/ios`)
  - url_launcher_macos (from `.symlinks/plugins/url_launcher_macos/ios`)
  - url_launcher_web (from `.symlinks/plugins/url_launcher_web/ios`)
  - video_player (from `.symlinks/plugins/video_player/ios`)
  - video_player_web (from `.symlinks/plugins/video_player_web/ios`)
  - wakelock (from `.symlinks/plugins/wakelock/ios`)
  - webview_flutter (from `.symlinks/plugins/webview_flutter/ios`)

SPEC REPOS:
  trunk:
    - AppAuth
    - Braintree
    - BraintreeDropIn
    - BSGridCollectionViewLayout
    - BSImagePicker
    - BSImageView
    - FBSDKCoreKit
    - FBSDKLoginKit
    - Firebase
    - FirebaseAnalytics
    - FirebaseAnalyticsInterop
    - FirebaseAuth
    - FirebaseAuthInterop
    - FirebaseCore
    - FirebaseCoreDiagnostics
    - FirebaseCoreDiagnosticsInterop
    - FirebaseDatabase
    - FirebaseInstanceID
    - FirebaseMessaging
    - FMDB
    - Google-Mobile-Ads-SDK
    - GoogleAppMeasurement
    - GoogleDataTransport
    - GoogleDataTransportCCTSupport
    - GoogleSignIn
    - GoogleUtilities
    - GTMAppAuth
    - GTMSessionFetcher
    - leveldb-library
    - nanopb
    - PromisesObjC
    - Protobuf
    - razorpay-pod
    - Reachability
    - Stripe

EXTERNAL SOURCES:
  admob_flutter:
    :path: ".symlinks/plugins/admob_flutter/ios"
  apple_sign_in:
    :path: ".symlinks/plugins/apple_sign_in/ios"
  braintree_payment:
    :path: ".symlinks/plugins/braintree_payment/ios"
  connectivity:
    :path: ".symlinks/plugins/connectivity/ios"
  connectivity_macos:
    :path: ".symlinks/plugins/connectivity_macos/ios"
  esys_flutter_share:
    :path: ".symlinks/plugins/esys_flutter_share/ios"
  firebase_auth:
    :path: ".symlinks/plugins/firebase_auth/ios"
  firebase_auth_web:
    :path: ".symlinks/plugins/firebase_auth_web/ios"
  firebase_core:
    :path: ".symlinks/plugins/firebase_core/ios"
  firebase_core_web:
    :path: ".symlinks/plugins/firebase_core_web/ios"
  firebase_database:
    :path: ".symlinks/plugins/firebase_database/ios"
  firebase_messaging:
    :path: ".symlinks/plugins/firebase_messaging/ios"
  Flutter:
    :path: Flutter
  flutter_facebook_login:
    :path: ".symlinks/plugins/flutter_facebook_login/ios"
  flutter_webview_plugin:
    :path: ".symlinks/plugins/flutter_webview_plugin/ios"
  fluttertoast:
    :path: ".symlinks/plugins/fluttertoast/ios"
  geocoder:
    :path: ".symlinks/plugins/geocoder/ios"
  google_sign_in:
    :path: ".symlinks/plugins/google_sign_in/ios"
  google_sign_in_web:
    :path: ".symlinks/plugins/google_sign_in_web/ios"
  launch_review:
    :path: ".symlinks/plugins/launch_review/ios"
  multi_image_picker:
    :path: ".symlinks/plugins/multi_image_picker/ios"
  package_info:
    :path: ".symlinks/plugins/package_info/ios"
  path_provider:
    :path: ".symlinks/plugins/path_provider/ios"
  path_provider_macos:
    :path: ".symlinks/plugins/path_provider_macos/ios"
  permission_handler:
    :path: ".symlinks/plugins/permission_handler/ios"
  razorpay_flutter:
    :path: ".symlinks/plugins/razorpay_flutter/ios"
  shared_preferences:
    :path: ".symlinks/plugins/shared_preferences/ios"
  shared_preferences_macos:
    :path: ".symlinks/plugins/shared_preferences_macos/ios"
  shared_preferences_web:
    :path: ".symlinks/plugins/shared_preferences_web/ios"
  sqflite:
    :path: ".symlinks/plugins/sqflite/ios"
  stripe_payment:
    :path: ".symlinks/plugins/stripe_payment/ios"
  url_launcher:
    :path: ".symlinks/plugins/url_launcher/ios"
  url_launcher_macos:
    :path: ".symlinks/plugins/url_launcher_macos/ios"
  url_launcher_web:
    :path: ".symlinks/plugins/url_launcher_web/ios"
  video_player:
    :path: ".symlinks/plugins/video_player/ios"
  video_player_web:
    :path: ".symlinks/plugins/video_player_web/ios"
  wakelock:
    :path: ".symlinks/plugins/wakelock/ios"
  webview_flutter:
    :path: ".symlinks/plugins/webview_flutter/ios"

SPEC CHECKSUMS:
  admob_flutter: 8033bcca85371a0554aa99d525a83a4770e679f0
  AppAuth: 31bcec809a638d7bd2f86ea8a52bd45f6e81e7c7
  apple_sign_in: 7716c7ddfa195aeab7dec0dc374ef4ff45d1adb4
  Braintree: 48154e70306eb3e6c81eaa87bbc5c5988c0d2784
  braintree_payment: d4a57a529b39a42c9b07b8e2d762ca9202309630
  BraintreeDropIn: fc3e96a8a2b5416e5e3a3beba119f0089713bc1e
  BSGridCollectionViewLayout: 333dcb457a5a3bdd9212607ab5756553dcfe06cb
  BSImagePicker: 07404254f2fcdaf5a2eb403c0f8c337267ce8738
  BSImageView: a149459433a2687157d034c78e059d30ac7f2544
  connectivity: c4130b2985d4ef6fd26f9702e886bd5260681467
  connectivity_macos: e2e9731b6b22dda39eb1b128f6969d574460e191
  esys_flutter_share: 403498dab005b36ce1f8d7aff377e81f0621b0b4
  FBSDKCoreKit: 1d5acf7c9d7a2f92bb1a242dc60cae5b7adb91df
  FBSDKLoginKit: f1ea8026a58b52d30c9f2e6a58ca7d813619fb83
  Firebase: 0219bb4782eb1406f1b9b0628a2e625484ce910d
  firebase_auth: 4ee3a54d3f09434c508c284a62f895a741a30637
  firebase_auth_web: 0955c07bcc06e84af76b9d4e32e6f31518f2d7de
  firebase_core: 335c02abd48672b7c83c683df833d0488a72e73e
  firebase_core_web: d501d8b946b60c8af265428ce483b0fff5ad52d1
  firebase_database: 88085c38a41ad0b5c3c611ede7205831a2ece844
  firebase_messaging: 21344b3b3a7d9d325d63a70e3750c0c798fe1e03
  FirebaseAnalytics: f68b9f3f1241385129ae0a83b63627fc420c05e5
  FirebaseAnalyticsInterop: 3f86269c38ae41f47afeb43ebf32a001f58fcdae
  FirebaseAuth: ce45d7c5d46bed90159f3a73b6efbe8976ed3573
  FirebaseAuthInterop: a0f37ae05833af156e72028f648d313f7e7592e9
  FirebaseCore: 632e05cc5e1199d9147122c16d92305eb04c34bd
  FirebaseCoreDiagnostics: b59c024493a409f8aecba02c99928d0d8431d159
  FirebaseCoreDiagnosticsInterop: 296e2c5f5314500a850ad0b83e9e7c10b011a850
  FirebaseDatabase: 0144e0706a4761f1b0e8679572eba8095ddb59be
  FirebaseInstanceID: ce993a3c3670a8f5d47ce371ac5d143c560608c5
  FirebaseMessaging: 089b7a4991425783384acc8bcefcd78c0af913bd
  Flutter: 0e3d915762c693b495b44d77113d4970485de6ec
  flutter_facebook_login: cfb5659f686b1c575ef205c6b6fd20db9679d3c4
  flutter_webview_plugin: ed9e8a6a96baf0c867e90e1bce2673913eeac694
  fluttertoast: b644586ef3b16f67fae9a1f8754cef6b2d6b634b
  FMDB: 2ce00b547f966261cd18927a3ddb07cb6f3db82a
  geocoder: 3cfab70531a0b367e917bafe82df4c30f6d4c45a
  Google-Mobile-Ads-SDK: c92c27666fbf684c964259785a6b3cdd3068e06f
  google_sign_in: 6bd214b9c154f881422f5fe27b66aaa7bbd580cc
  google_sign_in_web: 52deb24929ac0992baff65c57956031c44ed44c3
  GoogleAppMeasurement: db118eb61a97dd8c4f7014e368d3c335cbbcf80a
  GoogleDataTransport: 9a8a16f79feffc7f42096743de2a7c4815e84020
  GoogleDataTransportCCTSupport: 0f39025e8cf51f168711bd3fb773938d7e62ddb5
  GoogleSignIn: 7137d297ddc022a7e0aa4619c86d72c909fa7213
  GoogleUtilities: 39530bc0ad980530298e9c4af8549e991fd033b1
  GTMAppAuth: 4deac854479704f348309e7b66189e604cf5e01e
  GTMSessionFetcher: 6f5c8abbab8a9bce4bb3f057e317728ec6182b10
  launch_review: 75d5a956ba8eaa493e9c9d4bf4c05e505e8d5ed0
  leveldb-library: 55d93ee664b4007aac644a782d11da33fba316f7
  multi_image_picker: 7968ace12b658a9ee51be6514473f5ee5501ea80
  nanopb: 18003b5e52dab79db540fe93fe9579f399bd1ccd
  package_info: 873975fc26034f0b863a300ad47e7f1ac6c7ec62
  path_provider: abfe2b5c733d04e238b0d8691db0cfd63a27a93c
  path_provider_macos: f760a3c5b04357c380e2fddb6f9db6f3015897e0
  permission_handler: b7a0953389e699927c6217933754cdcd0fa2c5a7
  PromisesObjC: b48e0338dbbac2207e611750777895f7a5811b75
  Protobuf: 2793fcd0622a00b546c60e7cbbcc493e043e9bb9
  razorpay-pod: 80bbbbd05c3f6ca44654d55f0b3381635983839e
  razorpay_flutter: 4587d9b2970328d06dffa09cf72d79c5eac9b77f
  Reachability: 33e18b67625424e47b6cde6d202dce689ad7af96
  shared_preferences: af6bfa751691cdc24be3045c43ec037377ada40d
  shared_preferences_macos: f3f29b71ccbb56bf40c9dd6396c9acf15e214087
  shared_preferences_web: 141cce0c3ed1a1c5bf2a0e44f52d31eeb66e5ea9
  sqflite: 4001a31ff81d210346b500c55b17f4d6c7589dd0
  Stripe: dd5bfdd5f1daed4f9ddbfb47e9449ec302f9f708
  stripe_payment: ad86f099179edb7b9fe12b9b62ac3746d5e56802
  url_launcher: 6fef411d543ceb26efce54b05a0a40bfd74cbbef
  url_launcher_macos: fd7894421cd39320dce5f292fc99ea9270b2a313
  url_launcher_web: e5527357f037c87560776e36436bf2b0288b965c
  video_player: 9cc823b1d9da7e8427ee591e8438bfbcde500e6e
  video_player_web: da8cadb8274ed4f8dbee8d7171b420dedd437ce7
  wakelock: 0d4a70faf8950410735e3f61fb15d517c8a6efc4
  webview_flutter: d2b4d6c66968ad042ad94cbb791f5b72b4678a96

PODFILE CHECKSUM: 4542eb9e7e0016bca9983c1b3ceeecf065918f14

COCOAPODS: 1.9.3
